
Microsoft Visual Studio Solution File, Format Version 12.00
# Visual Studio Version 17
VisualStudioVersion = 17.3.32804.467
MinimumVisualStudioVersion = 10.0.40219.1
Project("{9A19103F-16F7-4668-BE54-9A1E7A4F7556}") = "EFramework01.web", "EFramework01.web\EFramework01.web.csproj", "{28A69E07-2945-4D83-BC06-0A8095B45134}"
EndProject
Project("{9A19103F-16F7-4668-BE54-9A1E7A4F7556}") = "EFramework01.Data", "EFramework01.Data\EFramework01.Data.csproj", "{B69F0B79-5077-47CD-A152-E414F28FAB8D}"
	ProjectSection(ProjectDependencies) = postProject
		{28A69E07-2945-4D83-BC06-0A8095B45134} = {28A69E07-2945-4D83-BC06-0A8095B45134}
	EndProjectSection
EndProject
Global
	GlobalSection(SolutionConfigurationPlatforms) = preSolution
		Debug|Any CPU = Debug|Any CPU
		Release|Any CPU = Release|Any CPU
	EndGlobalSection
	GlobalSection(ProjectConfigurationPlatforms) = postSolution
		{28A69E07-2945-4D83-BC06-0A8095B45134}.Debug|Any CPU.ActiveCfg = Debug|Any CPU
		{28A69E07-2945-4D83-BC06-0A8095B45134}.Debug|Any CPU.Build.0 = Debug|Any CPU
		{28A69E07-2945-4D83-BC06-0A8095B45134}.Release|Any CPU.ActiveCfg = Release|Any CPU
		{28A69E07-2945-4D83-BC06-0A8095B45134}.Release|Any CPU.Build.0 = Release|Any CPU
		{B69F0B79-5077-47CD-A152-E414F28FAB8D}.Debug|Any CPU.ActiveCfg = Debug|Any CPU
		{B69F0B79-5077-47CD-A152-E414F28FAB8D}.Debug|Any CPU.Build.0 = Debug|Any CPU
		{B69F0B79-5077-47CD-A152-E414F28FAB8D}.Release|Any CPU.ActiveCfg = Release|Any CPU
		{B69F0B79-5077-47CD-A152-E414F28FAB8D}.Release|Any CPU.Build.0 = Release|Any CPU
	EndGlobalSection
	GlobalSection(SolutionProperties) = preSolution
		HideSolutionNode = FALSE
	EndGlobalSection
	GlobalSection(ExtensibilityGlobals) = postSolution
		SolutionGuid = {D53F1BAF-20FF-47C1-9658-A38F19919ED5}
	EndGlobalSection
EndGlobal
